
Microsoft Visual Studio Solution File, Format Version 12.00
# Visual Studio 15
VisualStudioVersion = 15.0.28307.329
MinimumVisualStudioVersion = 10.0.40219.1
Project("{9092AA53-FB77-4645-B42D-1CCCA6BD08BD}") = "NodejsWebApp1", "NodejsWebApp1\NodejsWebApp1.njsproj", "{73CE554E-058C-4C74-8602-D25AD4E6B065}"
EndProject
Global
	GlobalSection(SolutionConfigurationPlatforms) = preSolution
		Debug|Any CPU = Debug|Any CPU
		Release|Any CPU = Release|Any CPU
	EndGlobalSection
	GlobalSection(ProjectConfigurationPlatforms) = postSolution
		{73CE554E-058C-4C74-8602-D25AD4E6B065}.Debug|Any CPU.ActiveCfg = Debug|Any CPU
		{73CE554E-058C-4C74-8602-D25AD4E6B065}.Debug|Any CPU.Build.0 = Debug|Any CPU
		{73CE554E-058C-4C74-8602-D25AD4E6B065}.Release|Any CPU.ActiveCfg = Release|Any CPU
		{73CE554E-058C-4C74-8602-D25AD4E6B065}.Release|Any CPU.Build.0 = Release|Any CPU
	EndGlobalSection
	GlobalSection(SolutionProperties) = preSolution
		HideSolutionNode = FALSE
	EndGlobalSection
	GlobalSection(ExtensibilityGlobals) = postSolution
		SolutionGuid = {CC7549BB-EE5C-4203-8C25-C30B9D60F908}
	EndGlobalSection
EndGlobal
